
Microsoft Visual Studio Solution File, Format Version 12.00
# Visual Studio 15
VisualStudioVersion = 15.0.27428.1
MinimumVisualStudioVersion = 10.0.40219.1
Project("{9A19103F-16F7-4668-BE54-9A1E7A4F7556}") = "VK Analysis Console", "VK Analysis Console\VK Analysis Console.csproj", "{3263CD3E-7698-410A-8FB0-DFFEDDD8B200}"
EndProject
Project("{FAE04EC0-301F-11D3-BF4B-00C04F79EFBC}") = "VK Analytics", "..\VK Analytics\VK Analytics\VK Analytics.csproj", "{66CB765A-2878-4D01-847E-D0AC402A4465}"
EndProject
Global
	GlobalSection(SolutionConfigurationPlatforms) = preSolution
		Debug|Any CPU = Debug|Any CPU
		Release|Any CPU = Release|Any CPU
	EndGlobalSection
	GlobalSection(ProjectConfigurationPlatforms) = postSolution
		{3263CD3E-7698-410A-8FB0-DFFEDDD8B200}.Debug|Any CPU.ActiveCfg = Debug|Any CPU
		{3263CD3E-7698-410A-8FB0-DFFEDDD8B200}.Debug|Any CPU.Build.0 = Debug|Any CPU
		{3263CD3E-7698-410A-8FB0-DFFEDDD8B200}.Release|Any CPU.ActiveCfg = Release|Any CPU
		{3263CD3E-7698-410A-8FB0-DFFEDDD8B200}.Release|Any CPU.Build.0 = Release|Any CPU
		{66CB765A-2878-4D01-847E-D0AC402A4465}.Debug|Any CPU.ActiveCfg = Debug|Any CPU
		{66CB765A-2878-4D01-847E-D0AC402A4465}.Debug|Any CPU.Build.0 = Debug|Any CPU
		{66CB765A-2878-4D01-847E-D0AC402A4465}.Release|Any CPU.ActiveCfg = Release|Any CPU
		{66CB765A-2878-4D01-847E-D0AC402A4465}.Release|Any CPU.Build.0 = Release|Any CPU
	EndGlobalSection
	GlobalSection(SolutionProperties) = preSolution
		HideSolutionNode = FALSE
	EndGlobalSection
	GlobalSection(ExtensibilityGlobals) = postSolution
		SolutionGuid = {01B26D38-1056-4161-A5E9-B1B64A17D8C8}
	EndGlobalSection
EndGlobal
